Microsoft Visual Studio Solution File, Format Version 12.00
# Visual Studio Version 17
VisualStudioVersion = 17.11.35312.102
MinimumVisualStudioVersion = 10.0.40219.1
Project("{9A19103F-16F7-4668-BE54-9A1E7A4F7556}") = "RandomGenMaui", "Source\RandomGenMaui\RandomGenMaui.csproj", "{F38E7617-3986-487D-A87A-9E1AE8130723}"
EndProject
Project("{9A19103F-16F7-4668-BE54-9A1E7A4F7556}") = "RandomGenMaui.Droid", "Source\RandomGenMaui.Droid\RandomGenMaui.Droid.csproj", "{F35EA89A-C55E-415D-9C8C-1A1D41FC1110}"
EndProject
Project("{9A19103F-16F7-4668-BE54-9A1E7A4F7556}") = "RandomGenMaui.iOS", "Source\RandomGenMaui.iOS\RandomGenMaui.iOS.csproj", "{AB02F8CC-5968-4EA5-B956-9215D980AD26}"
EndProject
Project("{9A19103F-16F7-4668-BE54-9A1E7A4F7556}") = "RandomGenMaui.Mac", "Source\RandomGenMaui.Mac\RandomGenMaui.Mac.csproj", "{B3559520-84B4-4FB9-BC4C-707471EC59FA}"
EndProject
Project("{9A19103F-16F7-4668-BE54-9A1E7A4F7556}") = "RandomGenMaui.WinUI", "Source\RandomGenMaui.WinUI\RandomGenMaui.WinUI.csproj", "{87C9376C-152A-4026-90DD-3D3CB4AFA890}"
EndProject
Project("{2150E333-8FDC-42A3-9474-1A3956D46DE8}") = "All", "All", "{85D355D5-01B0-4D8F-99DD-CCFBE1580276}"
	ProjectSection(SolutionItems) = preProject
		Source\Platform.props = Source\Platform.props
	EndProjectSection
EndProject
Project("{2150E333-8FDC-42A3-9474-1A3956D46DE8}") = "Platforms", "Platforms", "{9CDE780B-1493-48CF-9EEB-DABBBFC92F77}"
EndProject
Project("{2150E333-8FDC-42A3-9474-1A3956D46DE8}") = "Assets", "Assets", "{DAB0BBE2-E8B0-47AD-980F-D7EFF13436B6}"
	ProjectSection(SolutionItems) = preProject
		Assets\E000_AppIcon.svg = Assets\E000_AppIcon.svg
		Assets\E001_DiceSmall6.svg = Assets\E001_DiceSmall6.svg
		Assets\E002_Password.svg = Assets\E002_Password.svg
		Assets\RandomGenIcon.sfd = Assets\RandomGenIcon.sfd
		Assets\RandomGenIcon.ttf = Assets\RandomGenIcon.ttf
	EndProjectSection
EndProject
Global
	GlobalSection(SolutionConfigurationPlatforms) = preSolution
		Debug|Any CPU = Debug|Any CPU
		Debug|ARM64 = Debug|ARM64
		Debug|x64 = Debug|x64
		Debug|x86 = Debug|x86
		Release|Any CPU = Release|Any CPU
		Release|ARM64 = Release|ARM64
		Release|x64 = Release|x64
		Release|x86 = Release|x86
	EndGlobalSection
	GlobalSection(ProjectConfigurationPlatforms) = postSolution
		{F38E7617-3986-487D-A87A-9E1AE8130723}.Debug|Any CPU.ActiveCfg = Debug|Any CPU
		{F38E7617-3986-487D-A87A-9E1AE8130723}.Debug|Any CPU.Build.0 = Debug|Any CPU
		{F38E7617-3986-487D-A87A-9E1AE8130723}.Debug|ARM64.ActiveCfg = Debug|Any CPU
		{F38E7617-3986-487D-A87A-9E1AE8130723}.Debug|ARM64.Build.0 = Debug|Any CPU
		{F38E7617-3986-487D-A87A-9E1AE8130723}.Debug|x64.ActiveCfg = Debug|Any CPU
		{F38E7617-3986-487D-A87A-9E1AE8130723}.Debug|x64.Build.0 = Debug|Any CPU
		{F38E7617-3986-487D-A87A-9E1AE8130723}.Debug|x86.ActiveCfg = Debug|Any CPU
		{F38E7617-3986-487D-A87A-9E1AE8130723}.Debug|x86.Build.0 = Debug|Any CPU
		{F38E7617-3986-487D-A87A-9E1AE8130723}.Release|Any CPU.ActiveCfg = Release|Any CPU
		{F38E7617-3986-487D-A87A-9E1AE8130723}.Release|Any CPU.Build.0 = Release|Any CPU
		{F38E7617-3986-487D-A87A-9E1AE8130723}.Release|ARM64.ActiveCfg = Release|Any CPU
		{F38E7617-3986-487D-A87A-9E1AE8130723}.Release|ARM64.Build.0 = Release|Any CPU
		{F38E7617-3986-487D-A87A-9E1AE8130723}.Release|x64.ActiveCfg = Release|Any CPU
		{F38E7617-3986-487D-A87A-9E1AE8130723}.Release|x64.Build.0 = Release|Any CPU
		{F38E7617-3986-487D-A87A-9E1AE8130723}.Release|x86.ActiveCfg = Release|Any CPU
		{F38E7617-3986-487D-A87A-9E1AE8130723}.Release|x86.Build.0 = Release|Any CPU
		{F35EA89A-C55E-415D-9C8C-1A1D41FC1110}.Debug|Any CPU.ActiveCfg = Debug|Any CPU
		{F35EA89A-C55E-415D-9C8C-1A1D41FC1110}.Debug|Any CPU.Build.0 = Debug|Any CPU
		{F35EA89A-C55E-415D-9C8C-1A1D41FC1110}.Debug|Any CPU.Deploy.0 = Debug|Any CPU
		{F35EA89A-C55E-415D-9C8C-1A1D41FC1110}.Debug|ARM64.ActiveCfg = Debug|Any CPU
		{F35EA89A-C55E-415D-9C8C-1A1D41FC1110}.Debug|ARM64.Build.0 = Debug|Any CPU
		{F35EA89A-C55E-415D-9C8C-1A1D41FC1110}.Debug|ARM64.Deploy.0 = Debug|Any CPU
		{F35EA89A-C55E-415D-9C8C-1A1D41FC1110}.Debug|x64.ActiveCfg = Debug|Any CPU
		{F35EA89A-C55E-415D-9C8C-1A1D41FC1110}.Debug|x64.Build.0 = Debug|Any CPU
		{F35EA89A-C55E-415D-9C8C-1A1D41FC1110}.Debug|x64.Deploy.0 = Debug|Any CPU
		{F35EA89A-C55E-415D-9C8C-1A1D41FC1110}.Debug|x86.ActiveCfg = Debug|Any CPU
		{F35EA89A-C55E-415D-9C8C-1A1D41FC1110}.Debug|x86.Build.0 = Debug|Any CPU
		{F35EA89A-C55E-415D-9C8C-1A1D41FC1110}.Debug|x86.Deploy.0 = Debug|Any CPU
		{F35EA89A-C55E-415D-9C8C-1A1D41FC1110}.Release|Any CPU.ActiveCfg = Release|Any CPU
		{F35EA89A-C55E-415D-9C8C-1A1D41FC1110}.Release|Any CPU.Build.0 = Release|Any CPU
		{F35EA89A-C55E-415D-9C8C-1A1D41FC1110}.Release|Any CPU.Deploy.0 = Release|Any CPU
		{F35EA89A-C55E-415D-9C8C-1A1D41FC1110}.Release|ARM64.ActiveCfg = Release|Any CPU
		{F35EA89A-C55E-415D-9C8C-1A1D41FC1110}.Release|ARM64.Build.0 = Release|Any CPU
		{F35EA89A-C55E-415D-9C8C-1A1D41FC1110}.Release|ARM64.Deploy.0 = Release|Any CPU
		{F35EA89A-C55E-415D-9C8C-1A1D41FC1110}.Release|x64.ActiveCfg = Release|Any CPU
		{F35EA89A-C55E-415D-9C8C-1A1D41FC1110}.Release|x64.Build.0 = Release|Any CPU
		{F35EA89A-C55E-415D-9C8C-1A1D41FC1110}.Release|x64.Deploy.0 = Release|Any CPU
		{F35EA89A-C55E-415D-9C8C-1A1D41FC1110}.Release|x86.ActiveCfg = Release|Any CPU
		{F35EA89A-C55E-415D-9C8C-1A1D41FC1110}.Release|x86.Build.0 = Release|Any CPU
		{F35EA89A-C55E-415D-9C8C-1A1D41FC1110}.Release|x86.Deploy.0 = Release|Any CPU
		{AB02F8CC-5968-4EA5-B956-9215D980AD26}.Debug|Any CPU.ActiveCfg = Debug|Any CPU
		{AB02F8CC-5968-4EA5-B956-9215D980AD26}.Debug|Any CPU.Build.0 = Debug|Any CPU
		{AB02F8CC-5968-4EA5-B956-9215D980AD26}.Debug|Any CPU.Deploy.0 = Debug|Any CPU
		{AB02F8CC-5968-4EA5-B956-9215D980AD26}.Debug|ARM64.ActiveCfg = Debug|Any CPU
		{AB02F8CC-5968-4EA5-B956-9215D980AD26}.Debug|ARM64.Build.0 = Debug|Any CPU
		{AB02F8CC-5968-4EA5-B956-9215D980AD26}.Debug|ARM64.Deploy.0 = Debug|Any CPU
		{AB02F8CC-5968-4EA5-B956-9215D980AD26}.Debug|x64.ActiveCfg = Debug|Any CPU
		{AB02F8CC-5968-4EA5-B956-9215D980AD26}.Debug|x64.Build.0 = Debug|Any CPU
		{AB02F8CC-5968-4EA5-B956-9215D980AD26}.Debug|x64.Deploy.0 = Debug|Any CPU
		{AB02F8CC-5968-4EA5-B956-9215D980AD26}.Debug|x86.ActiveCfg = Debug|Any CPU
		{AB02F8CC-5968-4EA5-B956-9215D980AD26}.Debug|x86.Build.0 = Debug|Any CPU
		{AB02F8CC-5968-4EA5-B956-9215D980AD26}.Debug|x86.Deploy.0 = Debug|Any CPU
		{AB02F8CC-5968-4EA5-B956-9215D980AD26}.Release|Any CPU.ActiveCfg = Release|Any CPU
		{AB02F8CC-5968-4EA5-B956-9215D980AD26}.Release|Any CPU.Build.0 = Release|Any CPU
		{AB02F8CC-5968-4EA5-B956-9215D980AD26}.Release|Any CPU.Deploy.0 = Release|Any CPU
		{AB02F8CC-5968-4EA5-B956-9215D980AD26}.Release|ARM64.ActiveCfg = Release|Any CPU
		{AB02F8CC-5968-4EA5-B956-9215D980AD26}.Release|ARM64.Build.0 = Release|Any CPU
		{AB02F8CC-5968-4EA5-B956-9215D980AD26}.Release|ARM64.Deploy.0 = Release|Any CPU
		{AB02F8CC-5968-4EA5-B956-9215D980AD26}.Release|x64.ActiveCfg = Release|Any CPU
		{AB02F8CC-5968-4EA5-B956-9215D980AD26}.Release|x64.Build.0 = Release|Any CPU
		{AB02F8CC-5968-4EA5-B956-9215D980AD26}.Release|x64.Deploy.0 = Release|Any CPU
		{AB02F8CC-5968-4EA5-B956-9215D980AD26}.Release|x86.ActiveCfg = Release|Any CPU
		{AB02F8CC-5968-4EA5-B956-9215D980AD26}.Release|x86.Build.0 = Release|Any CPU
		{AB02F8CC-5968-4EA5-B956-9215D980AD26}.Release|x86.Deploy.0 = Release|Any CPU
		{B3559520-84B4-4FB9-BC4C-707471EC59FA}.Debug|Any CPU.ActiveCfg = Debug|Any CPU
		{B3559520-84B4-4FB9-BC4C-707471EC59FA}.Debug|Any CPU.Build.0 = Debug|Any CPU
		{B3559520-84B4-4FB9-BC4C-707471EC59FA}.Debug|Any CPU.Deploy.0 = Debug|Any CPU
		{B3559520-84B4-4FB9-BC4C-707471EC59FA}.Debug|ARM64.ActiveCfg = Debug|Any CPU
		{B3559520-84B4-4FB9-BC4C-707471EC59FA}.Debug|ARM64.Build.0 = Debug|Any CPU
		{B3559520-84B4-4FB9-BC4C-707471EC59FA}.Debug|ARM64.Deploy.0 = Debug|Any CPU
		{B3559520-84B4-4FB9-BC4C-707471EC59FA}.Debug|x64.ActiveCfg = Debug|Any CPU
		{B3559520-84B4-4FB9-BC4C-707471EC59FA}.Debug|x64.Build.0 = Debug|Any CPU
		{B3559520-84B4-4FB9-BC4C-707471EC59FA}.Debug|x64.Deploy.0 = Debug|Any CPU
		{B3559520-84B4-4FB9-BC4C-707471EC59FA}.Debug|x86.ActiveCfg = Debug|Any CPU
		{B3559520-84B4-4FB9-BC4C-707471EC59FA}.Debug|x86.Build.0 = Debug|Any CPU
		{B3559520-84B4-4FB9-BC4C-707471EC59FA}.Debug|x86.Deploy.0 = Debug|Any CPU
		{B3559520-84B4-4FB9-BC4C-707471EC59FA}.Release|Any CPU.ActiveCfg = Release|Any CPU
		{B3559520-84B4-4FB9-BC4C-707471EC59FA}.Release|Any CPU.Build.0 = Release|Any CPU
		{B3559520-84B4-4FB9-BC4C-707471EC59FA}.Release|Any CPU.Deploy.0 = Release|Any CPU
		{B3559520-84B4-4FB9-BC4C-707471EC59FA}.Release|ARM64.ActiveCfg = Release|Any CPU
		{B3559520-84B4-4FB9-BC4C-707471EC59FA}.Release|ARM64.Build.0 = Release|Any CPU
		{B3559520-84B4-4FB9-BC4C-707471EC59FA}.Release|ARM64.Deploy.0 = Release|Any CPU
		{B3559520-84B4-4FB9-BC4C-707471EC59FA}.Release|x64.ActiveCfg = Release|Any CPU
		{B3559520-84B4-4FB9-BC4C-707471EC59FA}.Release|x64.Build.0 = Release|Any CPU
		{B3559520-84B4-4FB9-BC4C-707471EC59FA}.Release|x64.Deploy.0 = Release|Any CPU
		{B3559520-84B4-4FB9-BC4C-707471EC59FA}.Release|x86.ActiveCfg = Release|Any CPU
		{B3559520-84B4-4FB9-BC4C-707471EC59FA}.Release|x86.Build.0 = Release|Any CPU
		{B3559520-84B4-4FB9-BC4C-707471EC59FA}.Release|x86.Deploy.0 = Release|Any CPU
		{87C9376C-152A-4026-90DD-3D3CB4AFA890}.Debug|Any CPU.ActiveCfg = Debug|x64
		{87C9376C-152A-4026-90DD-3D3CB4AFA890}.Debug|Any CPU.Build.0 = Debug|x64
		{87C9376C-152A-4026-90DD-3D3CB4AFA890}.Debug|Any CPU.Deploy.0 = Debug|x64
		{87C9376C-152A-4026-90DD-3D3CB4AFA890}.Debug|ARM64.ActiveCfg = Debug|ARM64
		{87C9376C-152A-4026-90DD-3D3CB4AFA890}.Debug|ARM64.Build.0 = Debug|ARM64
		{87C9376C-152A-4026-90DD-3D3CB4AFA890}.Debug|ARM64.Deploy.0 = Debug|ARM64
		{87C9376C-152A-4026-90DD-3D3CB4AFA890}.Debug|x64.ActiveCfg = Debug|x64
		{87C9376C-152A-4026-90DD-3D3CB4AFA890}.Debug|x64.Build.0 = Debug|x64
		{87C9376C-152A-4026-90DD-3D3CB4AFA890}.Debug|x64.Deploy.0 = Debug|x64
		{87C9376C-152A-4026-90DD-3D3CB4AFA890}.Debug|x86.ActiveCfg = Debug|x86
		{87C9376C-152A-4026-90DD-3D3CB4AFA890}.Debug|x86.Build.0 = Debug|x86
		{87C9376C-152A-4026-90DD-3D3CB4AFA890}.Debug|x86.Deploy.0 = Debug|x86
		{87C9376C-152A-4026-90DD-3D3CB4AFA890}.Release|Any CPU.ActiveCfg = Release|x64
		{87C9376C-152A-4026-90DD-3D3CB4AFA890}.Release|Any CPU.Build.0 = Release|x64
		{87C9376C-152A-4026-90DD-3D3CB4AFA890}.Release|Any CPU.Deploy.0 = Release|x64
		{87C9376C-152A-4026-90DD-3D3CB4AFA890}.Release|ARM64.ActiveCfg = Release|ARM64
		{87C9376C-152A-4026-90DD-3D3CB4AFA890}.Release|ARM64.Build.0 = Release|ARM64
		{87C9376C-152A-4026-90DD-3D3CB4AFA890}.Release|ARM64.Deploy.0 = Release|ARM64
		{87C9376C-152A-4026-90DD-3D3CB4AFA890}.Release|x64.ActiveCfg = Release|x64
		{87C9376C-152A-4026-90DD-3D3CB4AFA890}.Release|x64.Build.0 = Release|x64
		{87C9376C-152A-4026-90DD-3D3CB4AFA890}.Release|x64.Deploy.0 = Release|x64
		{87C9376C-152A-4026-90DD-3D3CB4AFA890}.Release|x86.ActiveCfg = Release|x86
		{87C9376C-152A-4026-90DD-3D3CB4AFA890}.Release|x86.Build.0 = Release|x86
		{87C9376C-152A-4026-90DD-3D3CB4AFA890}.Release|x86.Deploy.0 = Release|x86
	EndGlobalSection
	GlobalSection(SolutionProperties) = preSolution
		HideSolutionNode = FALSE
	EndGlobalSection
	GlobalSection(NestedProjects) = preSolution
		{F38E7617-3986-487D-A87A-9E1AE8130723} = {85D355D5-01B0-4D8F-99DD-CCFBE1580276}
		{F35EA89A-C55E-415D-9C8C-1A1D41FC1110} = {9CDE780B-1493-48CF-9EEB-DABBBFC92F77}
		{AB02F8CC-5968-4EA5-B956-9215D980AD26} = {9CDE780B-1493-48CF-9EEB-DABBBFC92F77}
		{B3559520-84B4-4FB9-BC4C-707471EC59FA} = {9CDE780B-1493-48CF-9EEB-DABBBFC92F77}
		{87C9376C-152A-4026-90DD-3D3CB4AFA890} = {9CDE780B-1493-48CF-9EEB-DABBBFC92F77}
	EndGlobalSection
	GlobalSection(ExtensibilityGlobals) = postSolution
		SolutionGuid = {EF3C9DB1-EB40-4CF9-9A76-8510531225FD}
	EndGlobalSection
EndGlobal
